PackratFormat: 1.4
PackratVersion: 0.4.9.2
RVersion: 3.5.1
Repos: CRAN=https://ftp.gwdg.de/pub/misc/cran/

Package: Rcpp
Source: CRAN
Version: 0.12.17
Hash: d2eff4634ccd7aca030c540ad805ac4a

Package: ncdf4
Source: CRAN
Version: 1.16

Package: packrat
Source: CRAN
Version: 0.4.9-2
Hash: 47dbd4e04dcd01da02a2021203205cb1

Package: raster
Source: CRAN
Version: 2.6-7
Hash: 59f15bbcf050757f352a898f48286735
Requires: Rcpp, sp

Package: rgdal
Source: CRAN
Version: 1.3-4
Hash: c2ab24d0a69d6b98794643c67bda943a
Requires: sp

Package: sp
Source: CRAN
Version: 1.3-1
Hash: 01decf1327caff54d7822434d07fa959
